dependencies:
- name: kube-prometheus-stack
  repository: https://prometheus-community.github.io/helm-charts
  version: 39.11.0
- name: node-problem-detector
  repository: https://charts.deliveryhero.io/
  version: 2.2.2
- name: prometheus-blackbox-exporter
  repository: https://prometheus-community.github.io/helm-charts
  version: 7.0.0
digest: sha256:40829558c0521005464f61bfc522fa2c2e2dcb4e6320e99733610bbb7777acbc
generated: "2022-09-03T16:56:29.120177+02:00"
