dependencies:
- name: kube-prometheus-stack
  repository: https://prometheus-community.github.io/helm-charts
  version: 39.11.0
- name: node-problem-detector
  repository: https://charts.deliveryhero.io/
  version: 2.2.3
digest: sha256:abe14ddd49cb69425b09824ee126a66bf214a8119fb7966cf793fb025a910700
generated: "2022-09-01T17:59:11.925486+02:00"
