dependencies:
- name: kube-prometheus-stack
  repository: https://prometheus-community.github.io/helm-charts
  version: 39.11.0
- name: node-problem-detector
  repository: https://charts.deliveryhero.io/
  version: 2.2.2
digest: sha256:c80d50188609ee6a99a187e70fbdab3599829d44d164251acdd71bcef431d31a
generated: "2022-09-02T10:19:27.29658+02:00"
